
Microsoft Visual Studio Solution File, Format Version 12.00
# Visual Studio 2013
VisualStudioVersion = 12.0.21005.1
MinimumVisualStudioVersion = 10.0.40219.1
Project("{2150E333-8FDC-42A3-9474-1A3956D46DE8}") = "0.Binaries", "0.Binaries", "{36AE77DA-503C-489A-AC0B-90C912C09794}"
	ProjectSection(SolutionItems) = preProject
		Framework\Binaries\EPPlus.dll = Framework\Binaries\EPPlus.dll
		Framework\Binaries\log4net.dll = Framework\Binaries\log4net.dll
		Framework\Binaries\Oracle.DataAccess.dll = Framework\Binaries\Oracle.DataAccess.dll
		Framework\Binaries\sapnco.dll = Framework\Binaries\sapnco.dll
		Framework\Binaries\sapnco_utils.dll = Framework\Binaries\sapnco_utils.dll
	EndProjectSection
EndProject
Project("{2150E333-8FDC-42A3-9474-1A3956D46DE8}") = "2.Distributed Services", "2.Distributed Services", "{1C28D955-04C5-40B4-980B-ED861386A7D3}"
EndProject
Project("{2150E333-8FDC-42A3-9474-1A3956D46DE8}") = "3.Business", "3.Business", "{0C3098ED-83ED-4901-B804-3C147299DC13}"
EndProject
Project("{2150E333-8FDC-42A3-9474-1A3956D46DE8}") = "4.Infraestructure", "4.Infraestructure", "{C2D3D21E-B464-4A41-A785-E23992873EC7}"
EndProject
Project("{2150E333-8FDC-42A3-9474-1A3956D46DE8}") = "5.Transversal", "5.Transversal", "{81FF5F66-3700-48AA-9984-D891BDA64BA8}"
EndProject
Project("{2150E333-8FDC-42A3-9474-1A3956D46DE8}") = "6.Test", "6.Test", "{1F085856-E973-47E5-9275-25BB2FE75BDF}"
EndProject
Project("{FAE04EC0-301F-11D3-BF4B-00C04F79EFBC}") = "Claro.SIACU.Data.IFI", "Claro.SIACU.Data.IFI\Claro.SIACU.Data.IFI.csproj", "{AEEA6A42-936E-4BB6-A7EA-810C65755F9A}"
EndProject
Project("{FAE04EC0-301F-11D3-BF4B-00C04F79EFBC}") = "Claro.SIACU.ProxyService.IFI", "Claro.SIACU.ProxyService.IFI\Claro.SIACU.ProxyService.IFI.csproj", "{1AC8C921-DE6D-426E-B16E-80E7CCF0B7F6}"
EndProject
Project("{FAE04EC0-301F-11D3-BF4B-00C04F79EFBC}") = "Claro.SIACU.Business.IFI", "Claro.SIACU.Business.IFI\Claro.SIACU.Business.IFI.csproj", "{CA3E3305-497A-4764-818D-A04C45740B34}"
EndProject
Project("{FAE04EC0-301F-11D3-BF4B-00C04F79EFBC}") = "Claro.SIACU.Web.Service.IFI", "Claro.SIACU.Web.Service.IFI\Claro.SIACU.Web.Service.IFI.csproj", "{08DD0FBF-57F7-4AE8-B24D-929880863F38}"
EndProject
Project("{FAE04EC0-301F-11D3-BF4B-00C04F79EFBC}") = "Claro", "Framework\Claro\Claro.csproj", "{3126DD91-815A-4367-BB9E-8B241C73F4D0}"
EndProject
Project("{FAE04EC0-301F-11D3-BF4B-00C04F79EFBC}") = "Claro.Data", "Framework\Claro.Data\Claro.Data.csproj", "{7DC4FCDB-62D7-4151-957A-984FA98FCA74}"
EndProject
Project("{FAE04EC0-301F-11D3-BF4B-00C04F79EFBC}") = "Claro.Entity", "Framework\Claro.Entity\Claro.Entity.csproj", "{5B432611-CD37-4A2B-BCBA-7509064E68BA}"
EndProject
Project("{FAE04EC0-301F-11D3-BF4B-00C04F79EFBC}") = "Claro.Helpers", "Framework\Claro.Helpers\Claro.Helpers.csproj", "{30D05E88-1F9B-4E7E-895C-DF4CC60889A9}"
EndProject
Project("{FAE04EC0-301F-11D3-BF4B-00C04F79EFBC}") = "Claro.SAP", "Framework\Claro.SAP\Claro.SAP.csproj", "{44CE8749-C670-41D5-87FC-86980D61C0CF}"
EndProject
Project("{FAE04EC0-301F-11D3-BF4B-00C04F79EFBC}") = "Claro.Security", "Framework\Claro.Security\Claro.Security.csproj", "{D558EA9E-478C-48D3-9C53-805C8F5669DB}"
EndProject
Project("{FAE04EC0-301F-11D3-BF4B-00C04F79EFBC}") = "Claro.Web", "Framework\Claro.Web\Claro.Web.csproj", "{1630F11C-9CAA-4A49-9BB2-7A3CCBA1CD17}"
EndProject
Project("{FAE04EC0-301F-11D3-BF4B-00C04F79EFBC}") = "Claro.SIACU", "Claro.SIACU\Claro.SIACU.csproj", "{0B643A37-2757-48E9-A3E7-C15561AA1B86}"
EndProject
Project("{FAE04EC0-301F-11D3-BF4B-00C04F79EFBC}") = "Claro.SIACU.Entity.IFI", "Claro.SIACU.Entity.IFI\Claro.SIACU.Entity.IFI.csproj", "{F9517F61-3891-4917-BAA6-634CED2D28B9}"
EndProject
Project("{2150E333-8FDC-42A3-9474-1A3956D46DE8}") = "1.Presentation", "1.Presentation", "{70CBF41F-99F1-4C78-90B1-93396055391A}"
EndProject
Project("{FAE04EC0-301F-11D3-BF4B-00C04F79EFBC}") = "Claro.SIACU.Web.WebApplication.IFI", "Claro.SIACU.Web.WebApplication.IFI\Claro.SIACU.Web.WebApplication.IFI.csproj", "{6DF58FF7-AA00-4B43-B11C-795FC1253147}"
EndProject
Project("{FAE04EC0-301F-11D3-BF4B-00C04F79EFBC}") = "Claro.Transversal.ProxyService", "Framework\Claro.Transversal.ProxyService\Claro.Transversal.ProxyService.csproj", "{8806C482-C9FD-4EF6-8C05-B329D5DDE295}"
EndProject
Global
	GlobalSection(SolutionConfigurationPlatforms) = preSolution
		Debug|Any CPU = Debug|Any CPU
		Release|Any CPU = Release|Any CPU
	EndGlobalSection
	GlobalSection(ProjectConfigurationPlatforms) = postSolution
		{AEEA6A42-936E-4BB6-A7EA-810C65755F9A}.Debug|Any CPU.ActiveCfg = Debug|Any CPU
		{AEEA6A42-936E-4BB6-A7EA-810C65755F9A}.Debug|Any CPU.Build.0 = Debug|Any CPU
		{AEEA6A42-936E-4BB6-A7EA-810C65755F9A}.Release|Any CPU.ActiveCfg = Release|Any CPU
		{AEEA6A42-936E-4BB6-A7EA-810C65755F9A}.Release|Any CPU.Build.0 = Release|Any CPU
		{1AC8C921-DE6D-426E-B16E-80E7CCF0B7F6}.Debug|Any CPU.ActiveCfg = Debug|Any CPU
		{1AC8C921-DE6D-426E-B16E-80E7CCF0B7F6}.Debug|Any CPU.Build.0 = Debug|Any CPU
		{1AC8C921-DE6D-426E-B16E-80E7CCF0B7F6}.Release|Any CPU.ActiveCfg = Release|Any CPU
		{1AC8C921-DE6D-426E-B16E-80E7CCF0B7F6}.Release|Any CPU.Build.0 = Release|Any CPU
		{CA3E3305-497A-4764-818D-A04C45740B34}.Debug|Any CPU.ActiveCfg = Debug|Any CPU
		{CA3E3305-497A-4764-818D-A04C45740B34}.Debug|Any CPU.Build.0 = Debug|Any CPU
		{CA3E3305-497A-4764-818D-A04C45740B34}.Release|Any CPU.ActiveCfg = Release|Any CPU
		{CA3E3305-497A-4764-818D-A04C45740B34}.Release|Any CPU.Build.0 = Release|Any CPU
		{08DD0FBF-57F7-4AE8-B24D-929880863F38}.Debug|Any CPU.ActiveCfg = Debug|Any CPU
		{08DD0FBF-57F7-4AE8-B24D-929880863F38}.Debug|Any CPU.Build.0 = Debug|Any CPU
		{08DD0FBF-57F7-4AE8-B24D-929880863F38}.Release|Any CPU.ActiveCfg = Release|Any CPU
		{08DD0FBF-57F7-4AE8-B24D-929880863F38}.Release|Any CPU.Build.0 = Release|Any CPU
		{3126DD91-815A-4367-BB9E-8B241C73F4D0}.Debug|Any CPU.ActiveCfg = Debug|Any CPU
		{3126DD91-815A-4367-BB9E-8B241C73F4D0}.Debug|Any CPU.Build.0 = Debug|Any CPU
		{3126DD91-815A-4367-BB9E-8B241C73F4D0}.Release|Any CPU.ActiveCfg = Release|Any CPU
		{3126DD91-815A-4367-BB9E-8B241C73F4D0}.Release|Any CPU.Build.0 = Release|Any CPU
		{7DC4FCDB-62D7-4151-957A-984FA98FCA74}.Debug|Any CPU.ActiveCfg = Debug|Any CPU
		{7DC4FCDB-62D7-4151-957A-984FA98FCA74}.Debug|Any CPU.Build.0 = Debug|Any CPU
		{7DC4FCDB-62D7-4151-957A-984FA98FCA74}.Release|Any CPU.ActiveCfg = Release|Any CPU
		{7DC4FCDB-62D7-4151-957A-984FA98FCA74}.Release|Any CPU.Build.0 = Release|Any CPU
		{5B432611-CD37-4A2B-BCBA-7509064E68BA}.Debug|Any CPU.ActiveCfg = Debug|Any CPU
		{5B432611-CD37-4A2B-BCBA-7509064E68BA}.Debug|Any CPU.Build.0 = Debug|Any CPU
		{5B432611-CD37-4A2B-BCBA-7509064E68BA}.Release|Any CPU.ActiveCfg = Release|Any CPU
		{5B432611-CD37-4A2B-BCBA-7509064E68BA}.Release|Any CPU.Build.0 = Release|Any CPU
		{30D05E88-1F9B-4E7E-895C-DF4CC60889A9}.Debug|Any CPU.ActiveCfg = Debug|Any CPU
		{30D05E88-1F9B-4E7E-895C-DF4CC60889A9}.Debug|Any CPU.Build.0 = Debug|Any CPU
		{30D05E88-1F9B-4E7E-895C-DF4CC60889A9}.Release|Any CPU.ActiveCfg = Release|Any CPU
		{30D05E88-1F9B-4E7E-895C-DF4CC60889A9}.Release|Any CPU.Build.0 = Release|Any CPU
		{44CE8749-C670-41D5-87FC-86980D61C0CF}.Debug|Any CPU.ActiveCfg = Debug|Any CPU
		{44CE8749-C670-41D5-87FC-86980D61C0CF}.Debug|Any CPU.Build.0 = Debug|Any CPU
		{44CE8749-C670-41D5-87FC-86980D61C0CF}.Release|Any CPU.ActiveCfg = Release|Any CPU
		{44CE8749-C670-41D5-87FC-86980D61C0CF}.Release|Any CPU.Build.0 = Release|Any CPU
		{D558EA9E-478C-48D3-9C53-805C8F5669DB}.Debug|Any CPU.ActiveCfg = Debug|Any CPU
		{D558EA9E-478C-48D3-9C53-805C8F5669DB}.Debug|Any CPU.Build.0 = Debug|Any CPU
		{D558EA9E-478C-48D3-9C53-805C8F5669DB}.Release|Any CPU.ActiveCfg = Release|Any CPU
		{D558EA9E-478C-48D3-9C53-805C8F5669DB}.Release|Any CPU.Build.0 = Release|Any CPU
		{1630F11C-9CAA-4A49-9BB2-7A3CCBA1CD17}.Debug|Any CPU.ActiveCfg = Debug|Any CPU
		{1630F11C-9CAA-4A49-9BB2-7A3CCBA1CD17}.Debug|Any CPU.Build.0 = Debug|Any CPU
		{1630F11C-9CAA-4A49-9BB2-7A3CCBA1CD17}.Release|Any CPU.ActiveCfg = Release|Any CPU
		{1630F11C-9CAA-4A49-9BB2-7A3CCBA1CD17}.Release|Any CPU.Build.0 = Release|Any CPU
		{0B643A37-2757-48E9-A3E7-C15561AA1B86}.Debug|Any CPU.ActiveCfg = Debug|Any CPU
		{0B643A37-2757-48E9-A3E7-C15561AA1B86}.Debug|Any CPU.Build.0 = Debug|Any CPU
		{0B643A37-2757-48E9-A3E7-C15561AA1B86}.Release|Any CPU.ActiveCfg = Release|Any CPU
		{0B643A37-2757-48E9-A3E7-C15561AA1B86}.Release|Any CPU.Build.0 = Release|Any CPU
		{F9517F61-3891-4917-BAA6-634CED2D28B9}.Debug|Any CPU.ActiveCfg = Debug|Any CPU
		{F9517F61-3891-4917-BAA6-634CED2D28B9}.Debug|Any CPU.Build.0 = Debug|Any CPU
		{F9517F61-3891-4917-BAA6-634CED2D28B9}.Release|Any CPU.ActiveCfg = Release|Any CPU
		{F9517F61-3891-4917-BAA6-634CED2D28B9}.Release|Any CPU.Build.0 = Release|Any CPU
		{6DF58FF7-AA00-4B43-B11C-795FC1253147}.Debug|Any CPU.ActiveCfg = Debug|Any CPU
		{6DF58FF7-AA00-4B43-B11C-795FC1253147}.Debug|Any CPU.Build.0 = Debug|Any CPU
		{6DF58FF7-AA00-4B43-B11C-795FC1253147}.Release|Any CPU.ActiveCfg = Release|Any CPU
		{6DF58FF7-AA00-4B43-B11C-795FC1253147}.Release|Any CPU.Build.0 = Release|Any CPU
		{8806C482-C9FD-4EF6-8C05-B329D5DDE295}.Debug|Any CPU.ActiveCfg = Debug|Any CPU
		{8806C482-C9FD-4EF6-8C05-B329D5DDE295}.Debug|Any CPU.Build.0 = Debug|Any CPU
		{8806C482-C9FD-4EF6-8C05-B329D5DDE295}.Release|Any CPU.ActiveCfg = Release|Any CPU
		{8806C482-C9FD-4EF6-8C05-B329D5DDE295}.Release|Any CPU.Build.0 = Release|Any CPU
	EndGlobalSection
	GlobalSection(SolutionProperties) = preSolution
		HideSolutionNode = FALSE
	EndGlobalSection
	GlobalSection(NestedProjects) = preSolution
		{08DD0FBF-57F7-4AE8-B24D-929880863F38} = {1C28D955-04C5-40B4-980B-ED861386A7D3}
		{CA3E3305-497A-4764-818D-A04C45740B34} = {0C3098ED-83ED-4901-B804-3C147299DC13}
		{AEEA6A42-936E-4BB6-A7EA-810C65755F9A} = {C2D3D21E-B464-4A41-A785-E23992873EC7}
		{1AC8C921-DE6D-426E-B16E-80E7CCF0B7F6} = {C2D3D21E-B464-4A41-A785-E23992873EC7}
		{F9517F61-3891-4917-BAA6-634CED2D28B9} = {C2D3D21E-B464-4A41-A785-E23992873EC7}
		{3126DD91-815A-4367-BB9E-8B241C73F4D0} = {81FF5F66-3700-48AA-9984-D891BDA64BA8}
		{7DC4FCDB-62D7-4151-957A-984FA98FCA74} = {81FF5F66-3700-48AA-9984-D891BDA64BA8}
		{5B432611-CD37-4A2B-BCBA-7509064E68BA} = {81FF5F66-3700-48AA-9984-D891BDA64BA8}
		{30D05E88-1F9B-4E7E-895C-DF4CC60889A9} = {81FF5F66-3700-48AA-9984-D891BDA64BA8}
		{44CE8749-C670-41D5-87FC-86980D61C0CF} = {81FF5F66-3700-48AA-9984-D891BDA64BA8}
		{D558EA9E-478C-48D3-9C53-805C8F5669DB} = {81FF5F66-3700-48AA-9984-D891BDA64BA8}
		{1630F11C-9CAA-4A49-9BB2-7A3CCBA1CD17} = {81FF5F66-3700-48AA-9984-D891BDA64BA8}
		{0B643A37-2757-48E9-A3E7-C15561AA1B86} = {81FF5F66-3700-48AA-9984-D891BDA64BA8}
		{8806C482-C9FD-4EF6-8C05-B329D5DDE295} = {81FF5F66-3700-48AA-9984-D891BDA64BA8}
		{6DF58FF7-AA00-4B43-B11C-795FC1253147} = {70CBF41F-99F1-4C78-90B1-93396055391A}
	EndGlobalSection
EndGlobal
